
Microsoft Visual Studio Solution File, Format Version 12.00
# Visual Studio Version 17
VisualStudioVersion = 17.9.34622.214
MinimumVisualStudioVersion = 10.0.40219.1
Project("{FAE04EC0-301F-11D3-BF4B-00C04F79EFBC}") = "Pong", "Pong\Pong.csproj", "{4B8269B1-5AFE-4EC1-922F-C8D385EFECB3}"
EndProject
Global
	GlobalSection(SolutionConfigurationPlatforms) = preSolution
		Debug|Any CPU = Debug|Any CPU
		Release|Any CPU = Release|Any CPU
	EndGlobalSection
	GlobalSection(ProjectConfigurationPlatforms) = postSolution
		{4B8269B1-5AFE-4EC1-922F-C8D385EFECB3}.Debug|Any CPU.ActiveCfg = Debug|Any CPU
		{4B8269B1-5AFE-4EC1-922F-C8D385EFECB3}.Debug|Any CPU.Build.0 = Debug|Any CPU
		{4B8269B1-5AFE-4EC1-922F-C8D385EFECB3}.Release|Any CPU.ActiveCfg = Release|Any CPU
		{4B8269B1-5AFE-4EC1-922F-C8D385EFECB3}.Release|Any CPU.Build.0 = Release|Any CPU
	EndGlobalSection
	GlobalSection(SolutionProperties) = preSolution
		HideSolutionNode = FALSE
	EndGlobalSection
	GlobalSection(ExtensibilityGlobals) = postSolution
		SolutionGuid = {0204AF03-C7E6-4A19-9F85-259A207C5ABD}
	EndGlobalSection
EndGlobal
